dependencies:
- name: common
  repository: https://charts.bitnami.com/bitnami
  version: 1.9.1
- name: postgresql
  repository: https://charts.bitnami.com/bitnami
  version: 10.12.0
digest: sha256:9af42cc669be67df36c6330603507ad6fa3448922aa3ad6c7bf1131f137bc112
generated: "2021-09-30T12:05:16.9608547+03:00"
