dependencies:
- name: postgresql
  repository: https://charts.bitnami.com/bitnami
  version: 10.12.0
- name: redis
  repository: https://charts.bitnami.com/bitnami
  version: 15.4.0
- name: common
  repository: https://charts.bitnami.com/bitnami
  version: 1.9.1
digest: sha256:62147034f6f9e9ad972ba40b27f44bf45a106e0a9056d9daa1145ca4e31bf157
generated: "2021-09-30T12:04:59.5535102+03:00"
