dependencies:
- name: common
  repository: https://charts.bitnami.com/bitnami
  version: 1.9.1
- name: postgresql
  repository: https://charts.bitnami.com/bitnami
  version: 10.12.0
- name: redis
  repository: https://charts.bitnami.com/bitnami
  version: 15.4.0
digest: sha256:0f5afa0e3765ddf9e735eb279e5428527bb8e356a3239d0ee2d2c35cc57a5422
generated: "2021-09-30T12:03:01.3638757+03:00"
